
Microsoft Visual Studio Solution File, Format Version 12.00
# Visual Studio Version 17
VisualStudioVersion = 17.10.35122.118
MinimumVisualStudioVersion = 10.0.40219.1
Project("{FAE04EC0-301F-11D3-BF4B-00C04F79EFBC}") = "BAI_TAP_VE_NHA", "BAI_TAP_VE_NHA\BAI_TAP_VE_NHA.csproj", "{CA9F2DC6-E9CA-45A1-B807-0589C49B605D}"
EndProject
Global
	GlobalSection(SolutionConfigurationPlatforms) = preSolution
		Debug|Any CPU = Debug|Any CPU
		Release|Any CPU = Release|Any CPU
	EndGlobalSection
	GlobalSection(ProjectConfigurationPlatforms) = postSolution
		{CA9F2DC6-E9CA-45A1-B807-0589C49B605D}.Debug|Any CPU.ActiveCfg = Debug|Any CPU
		{CA9F2DC6-E9CA-45A1-B807-0589C49B605D}.Debug|Any CPU.Build.0 = Debug|Any CPU
		{CA9F2DC6-E9CA-45A1-B807-0589C49B605D}.Release|Any CPU.ActiveCfg = Release|Any CPU
		{CA9F2DC6-E9CA-45A1-B807-0589C49B605D}.Release|Any CPU.Build.0 = Release|Any CPU
	EndGlobalSection
	GlobalSection(SolutionProperties) = preSolution
		HideSolutionNode = FALSE
	EndGlobalSection
	GlobalSection(ExtensibilityGlobals) = postSolution
		SolutionGuid = {B37DEB97-30BE-41A3-B770-233BBED88773}
	EndGlobalSection
EndGlobal
